// !$*UTF8*$!
{
	archiveVersion = 1;
	classes = {
	};
	objectVersion = 48;
	objects = {

/* Begin PBXBuildFile section */
		B205199E50ACC8D989F93925 /* libPods-LFKit.a in Frameworks */ = {isa = PBXBuildFile; fileRef = 725C3FB0F9CA066A6FF20F66 /* libPods-LFKit.a */; };
		D13B092B1FF0E10700D8BFE1 /* LFAlignCollectionViewFlowLayout.m in Sources */ = {isa = PBXBuildFile; fileRef = D13B092A1FF0E10700D8BFE1 /* LFAlignCollectionViewFlowLayout.m */; };
		D13B092E1FF0E1BF00D8BFE1 /* LFAnnulusProgress.m in Sources */ = {isa = PBXBuildFile; fileRef = D13B092D1FF0E1BF00D8BFE1 /* LFAnnulusProgress.m */; };
		D13B09321FF0E5DA00D8BFE1 /* LFStarsView.m in Sources */ = {isa = PBXBuildFile; fileRef = D13B09311FF0E5DA00D8BFE1 /* LFStarsView.m */; };
		D13B09361FF0F6E300D8BFE1 /* LFStarsViewVC.m in Sources */ = {isa = PBXBuildFile; fileRef = D13B09341FF0F6E300D8BFE1 /* LFStarsViewVC.m */; };
		D13B09371FF0F6E300D8BFE1 /* LFStarsViewVC.xib in Resources */ = {isa = PBXBuildFile; fileRef = D13B09351FF0F6E300D8BFE1 /* LFStarsViewVC.xib */; };
		D13B093B1FF0FA9200D8BFE1 /* star_highlight.png in Resources */ = {isa = PBXBuildFile; fileRef = D13B09391FF0FA9200D8BFE1 /* star_highlight.png */; };
		D13B093C1FF0FA9200D8BFE1 /* star_gray.png in Resources */ = {isa = PBXBuildFile; fileRef = D13B093A1FF0FA9200D8BFE1 /* star_gray.png */; };
		D142B0B11FC83857008C032A /* LFBadge.m in Sources */ = {isa = PBXBuildFile; fileRef = D142B0B01FC83857008C032A /* LFBadge.m */; };
		D142B0B61FC83B00008C032A /* LFBadgeViewController.xib in Resources */ = {isa = PBXBuildFile; fileRef = D142B0B41FC83AFF008C032A /* LFBadgeViewController.xib */; };
		D142B0B71FC83ECD008C032A /* LFBadgeViewController.m in Sources */ = {isa = PBXBuildFile; fileRef = D142B0B31FC83AFF008C032A /* LFBadgeViewController.m */; };
		D14ADDFE1FAAC6DC00951E26 /* LFEncryptDecryptUtil.m in Sources */ = {isa = PBXBuildFile; fileRef = D14ADDFD1FAAC6DC00951E26 /* LFEncryptDecryptUtil.m */; };
		D14ADE051FAC54D000951E26 /* ComponentListController.m in Sources */ = {isa = PBXBuildFile; fileRef = D14ADE041FAC54D000951E26 /* ComponentListController.m */; };
		D14ADE0D1FAC5D6200951E26 /* LFCameraViewController.m in Sources */ = {isa = PBXBuildFile; fileRef = D14ADE0B1FAC5D6200951E26 /* LFCameraViewController.m */; };
		D14ADE0E1FAC5D6200951E26 /* LFCameraViewController.xib in Resources */ = {isa = PBXBuildFile; fileRef = D14ADE0C1FAC5D6200951E26 /* LFCameraViewController.xib */; };
		D14ADE121FAC5F8300951E26 /* BaseViewController.m in Sources */ = {isa = PBXBuildFile; fileRef = D14ADE111FAC5F8300951E26 /* BaseViewController.m */; };
		D14ADE161FAC63AC00951E26 /* LFCameraResultViewController.m in Sources */ = {isa = PBXBuildFile; fileRef = D14ADE141FAC63AC00951E26 /* LFCameraResultViewController.m */; };
		D14ADE171FAC63AC00951E26 /* LFCameraResultViewController.xib in Resources */ = {isa = PBXBuildFile; fileRef = D14ADE151FAC63AC00951E26 /* LFCameraResultViewController.xib */; };
		D18628FD1FA8777900780629 /* NSLayoutConstraint+LFXIB.m in Sources */ = {isa = PBXBuildFile; fileRef = D1AC22041FA328920039A2C2 /* NSLayoutConstraint+LFXIB.m */; };
		D18628FE1FA8777900780629 /* NSString+LF.m in Sources */ = {isa = PBXBuildFile; fileRef = D1AC220B1FA328930039A2C2 /* NSString+LF.m */; };
		D18628FF1FA8777900780629 /* NSTimer+LF.m in Sources */ = {isa = PBXBuildFile; fileRef = D1AC22121FA328930039A2C2 /* NSTimer+LF.m */; };
		D18629001FA8777900780629 /* UIBarButtonItem+LF.m in Sources */ = {isa = PBXBuildFile; fileRef = D1AC22071FA328920039A2C2 /* UIBarButtonItem+LF.m */; };
		D18629011FA8777900780629 /* UIButton+LF.m in Sources */ = {isa = PBXBuildFile; fileRef = D1AC21FD1FA328910039A2C2 /* UIButton+LF.m */; };
		D18629021FA8777900780629 /* UIImage+LF.m in Sources */ = {isa = PBXBuildFile; fileRef = D1AC21FF1FA328910039A2C2 /* UIImage+LF.m */; };
		D18629031FA8777900780629 /* UIImageView+LF.m in Sources */ = {isa = PBXBuildFile; fileRef = D1AC22051FA328920039A2C2 /* UIImageView+LF.m */; };
		D18629041FA8777900780629 /* UILabel+LF.m in Sources */ = {isa = PBXBuildFile; fileRef = D1AC220C1FA328930039A2C2 /* UILabel+LF.m */; };
		D18629051FA8777900780629 /* UITabBarController+HideTabBar.m in Sources */ = {isa = PBXBuildFile; fileRef = D1AC22001FA328920039A2C2 /* UITabBarController+HideTabBar.m */; };
		D18629061FA8777900780629 /* UITextField+LF.m in Sources */ = {isa = PBXBuildFile; fileRef = D1AC22061FA328920039A2C2 /* UITextField+LF.m */; };
		D18629071FA8777900780629 /* UIView+LF.m in Sources */ = {isa = PBXBuildFile; fileRef = D1AC21FB1FA328910039A2C2 /* UIView+LF.m */; };
		D18629081FA8777900780629 /* UIView+LFXIB.m in Sources */ = {isa = PBXBuildFile; fileRef = D1AC22131FA328940039A2C2 /* UIView+LFXIB.m */; };
		D18629091FA8777900780629 /* UIViewController+FullScreenScroll.m in Sources */ = {isa = PBXBuildFile; fileRef = D1AC220A1FA328920039A2C2 /* UIViewController+FullScreenScroll.m */; };
		D186290A1FA8777900780629 /* RotationMenu.m in Sources */ = {isa = PBXBuildFile; fileRef = D18628FC1FA8772B00780629 /* RotationMenu.m */; };
		D186290B1FA8777900780629 /* LFBubbleView.m in Sources */ = {isa = PBXBuildFile; fileRef = D1AC22521FA348170039A2C2 /* LFBubbleView.m */; };
		D186290C1FA8777900780629 /* LFCamera.m in Sources */ = {isa = PBXBuildFile; fileRef = D1AC223D1FA348170039A2C2 /* LFCamera.m */; };
		D186290D1FA8777900780629 /* LFCycleScrollView.m in Sources */ = {isa = PBXBuildFile; fileRef = D1AC225D1FA348170039A2C2 /* LFCycleScrollView.m */; };
		D186290E1FA8777900780629 /* LFImagePicker.m in Sources */ = {isa = PBXBuildFile; fileRef = D1AC22601FA348170039A2C2 /* LFImagePicker.m */; };
		D186290F1FA8777900780629 /* LFLocalMusicPicker.m in Sources */ = {isa = PBXBuildFile; fileRef = D1AC223A1FA348160039A2C2 /* LFLocalMusicPicker.m */; };
		D18629121FA8777900780629 /* LFPickerView.m in Sources */ = {isa = PBXBuildFile; fileRef = D1AC224F1FA348170039A2C2 /* LFPickerView.m */; };
		D18629171FA877CB00780629 /* LFQRCodeScanner.m in Sources */ = {isa = PBXBuildFile; fileRef = D1AC22351FA348160039A2C2 /* LFQRCodeScanner.m */; };
		D18629181FA877CB00780629 /* LFQRCodeUtil.m in Sources */ = {isa = PBXBuildFile; fileRef = D1AC22371FA348160039A2C2 /* LFQRCodeUtil.m */; };
		D18629191FA877CB00780629 /* LFOptionTableView.m in Sources */ = {isa = PBXBuildFile; fileRef = D1AC22321FA345320039A2C2 /* LFOptionTableView.m */; };
		D186291A1FA877CB00780629 /* LFErrorView.m in Sources */ = {isa = PBXBuildFile; fileRef = D1AC222F1FA345250039A2C2 /* LFErrorView.m */; };
		D1AC21C31FA3258A0039A2C2 /* AppDelegate.m in Sources */ = {isa = PBXBuildFile; fileRef = D1AC21C21FA3258A0039A2C2 /* AppDelegate.m */; };
		D1AC21C91FA3258A0039A2C2 /* Main.storyboard in Resources */ = {isa = PBXBuildFile; fileRef = D1AC21C71FA3258A0039A2C2 /* Main.storyboard */; };
		D1AC21CB1FA3258A0039A2C2 /* Assets.xcassets in Resources */ = {isa = PBXBuildFile; fileRef = D1AC21CA1FA3258A0039A2C2 /* Assets.xcassets */; };
		D1AC21CE1FA3258A0039A2C2 /* LaunchScreen.storyboard in Resources */ = {isa = PBXBuildFile; fileRef = D1AC21CC1FA3258A0039A2C2 /* LaunchScreen.storyboard */; };
		D1AC21D11FA3258A0039A2C2 /* main.m in Sources */ = {isa = PBXBuildFile; fileRef = D1AC21D01FA3258A0039A2C2 /* main.m */; };
		D1AC21DB1FA3258A0039A2C2 /* LFKitTests.m in Sources */ = {isa = PBXBuildFile; fileRef = D1AC21DA1FA3258A0039A2C2 /* LFKitTests.m */; };
		D1AC21E61FA3258A0039A2C2 /* LFKitUITests.m in Sources */ = {isa = PBXBuildFile; fileRef = D1AC21E51FA3258A0039A2C2 /* LFKitUITests.m */; };
		D1AC22201FA3290C0039A2C2 /* LFJsonUtil.m in Sources */ = {isa = PBXBuildFile; fileRef = D1AC22181FA3290B0039A2C2 /* LFJsonUtil.m */; };
		D1AC22211FA3290C0039A2C2 /* SFHFKeychainUtils.m in Sources */ = {isa = PBXBuildFile; fileRef = D1AC221A1FA3290B0039A2C2 /* SFHFKeychainUtils.m */; };
		D1AC22221FA3290C0039A2C2 /* LFFileUtil.m in Sources */ = {isa = PBXBuildFile; fileRef = D1AC221B1FA3290B0039A2C2 /* LFFileUtil.m */; };
		D1AC22241FA3290C0039A2C2 /* LFTimeUtil.m in Sources */ = {isa = PBXBuildFile; fileRef = D1AC221D1FA3290B0039A2C2 /* LFTimeUtil.m */; };
		D1AC22251FA3290C0039A2C2 /* LFDeviceInfo.m in Sources */ = {isa = PBXBuildFile; fileRef = D1AC221E1FA3290B0039A2C2 /* LFDeviceInfo.m */; };
		D1AC22291FA32F010039A2C2 /* NSDate+LF.m in Sources */ = {isa = PBXBuildFile; fileRef = D1AC22281FA32F010039A2C2 /* NSDate+LF.m */; };
		D1AC22631FA348750039A2C2 /* UIColor+LF.m in Sources */ = {isa = PBXBuildFile; fileRef = D1AC22621FA348750039A2C2 /* UIColor+LF.m */; };
		D1AE0D201FB45E79004605E7 /* LFPopupMenu.m in Sources */ = {isa = PBXBuildFile; fileRef = D1AE0D1F1FB45E79004605E7 /* LFPopupMenu.m */; };
		D1D9773A2004BABC0053AE92 /* LFPopupMenuTestVC.m in Sources */ = {isa = PBXBuildFile; fileRef = D1D977382004BABC0053AE92 /* LFPopupMenuTestVC.m */; };
		D1D9773B2004BABC0053AE92 /* LFPopupMenuTestVC.xib in Resources */ = {isa = PBXBuildFile; fileRef = D1D977392004BABC0053AE92 /* LFPopupMenuTestVC.xib */; };
		D1D9773E2004C0160053AE92 /* icon_menu_shoot_normal@3x.png in Resources */ = {isa = PBXBuildFile; fileRef = D1D9773C2004C0160053AE92 /* icon_menu_shoot_normal@3x.png */; };
		D1D9773F2004C0160053AE92 /* icon_menu_shoot_normal@2x.png in Resources */ = {isa = PBXBuildFile; fileRef = D1D9773D2004C0160053AE92 /* icon_menu_shoot_normal@2x.png */; };
		D1D977422004C01E0053AE92 /* icon_menu_record_normal@2x.png in Resources */ = {isa = PBXBuildFile; fileRef = D1D977402004C01E0053AE92 /* icon_menu_record_normal@2x.png */; };
		D1D977432004C01E0053AE92 /* icon_menu_record_normal@3x.png in Resources */ = {isa = PBXBuildFile; fileRef = D1D977412004C01E0053AE92 /* icon_menu_record_normal@3x.png */; };
		D1D977462004C0250053AE92 /* icon_menu_live_normal@2x.png in Resources */ = {isa = PBXBuildFile; fileRef = D1D977442004C0250053AE92 /* icon_menu_live_normal@2x.png */; };
		D1D977472004C0250053AE92 /* icon_menu_live_normal@3x.png in Resources */ = {isa = PBXBuildFile; fileRef = D1D977452004C0250053AE92 /* icon_menu_live_normal@3x.png */; };
		D1D9774A2004C02E0053AE92 /* icon_menu_album_normal@2x.png in Resources */ = {isa = PBXBuildFile; fileRef = D1D977482004C02E0053AE92 /* icon_menu_album_normal@2x.png */; };
		D1D9774B2004C02E0053AE92 /* icon_menu_album_normal@3x.png in Resources */ = {isa = PBXBuildFile; fileRef = D1D977492004C02E0053AE92 /* icon_menu_album_normal@3x.png */; };
		D1D9774E2004C05E0053AE92 /* img_menu_frame_bg@3x.png in Resources */ = {isa = PBXBuildFile; fileRef = D1D9774C2004C05E0053AE92 /* img_menu_frame_bg@3x.png */; };
		D1D9774F2004C05E0053AE92 /* img_menu_frame_bg@2x.png in Resources */ = {isa = PBXBuildFile; fileRef = D1D9774D2004C05E0053AE92 /* img_menu_frame_bg@2x.png */; };
/* End PBXBuildFile section */

/* Begin PBXContainerItemProxy section */
		D1AC21D71FA3258A0039A2C2 /* PBXContainerItemProxy */ = {
			isa = PBXContainerItemProxy;
			containerPortal = D1AC21B61FA3258A0039A2C2 /* Project object */;
			proxyType = 1;
			remoteGlobalIDString = D1AC21BD1FA3258A0039A2C2;
			remoteInfo = LFKit;
		};
		D1AC21E21FA3258A0039A2C2 /* PBXContainerItemProxy */ = {
			isa = PBXContainerItemProxy;
			containerPortal = D1AC21B61FA3258A0039A2C2 /* Project object */;
			proxyType = 1;
			remoteGlobalIDString = D1AC21BD1FA3258A0039A2C2;
			remoteInfo = LFKit;
		};
/* End PBXContainerItemProxy section */

/* Begin PBXFileReference section */
		1D919615463A4F0C9EC8B749 /* Pods-LFKit.debug.xcconfig */ = {isa = PBXFileReference; includeInIndex = 1; lastKnownFileType = text.xcconfig; name = "Pods-LFKit.debug.xcconfig"; path = "Pods/Target Support Files/Pods-LFKit/Pods-LFKit.debug.xcconfig"; sourceTree = "<group>"; };
		5B2E01735C8A234634021AF1 /* Pods-LFKit.release.xcconfig */ = {isa = PBXFileReference; includeInIndex = 1; lastKnownFileType = text.xcconfig; name = "Pods-LFKit.release.xcconfig"; path = "Pods/Target Support Files/Pods-LFKit/Pods-LFKit.release.xcconfig"; sourceTree = "<group>"; };
		725C3FB0F9CA066A6FF20F66 /* libPods-LFKit.a */ = {isa = PBXFileReference; explicitFileType = archive.ar; includeInIndex = 0; path = "libPods-LFKit.a"; sourceTree = BUILT_PRODUCTS_DIR; };
		D13B09291FF0E10700D8BFE1 /* LFAlignCollectionViewFlowLayout.h */ = {isa = PBXFileReference; lastKnownFileType = sourcecode.c.h; path = LFAlignCollectionViewFlowLayout.h; sourceTree = "<group>"; };
		D13B092A1FF0E10700D8BFE1 /* LFAlignCollectionViewFlowLayout.m */ = {isa = PBXFileReference; lastKnownFileType = sourcecode.c.objc; path = LFAlignCollectionViewFlowLayout.m; sourceTree = "<group>"; };
		D13B092C1FF0E1BF00D8BFE1 /* LFAnnulusProgress.h */ = {isa = PBXFileReference; lastKnownFileType = sourcecode.c.h; path = LFAnnulusProgress.h; sourceTree = "<group>"; };
		D13B092D1FF0E1BF00D8BFE1 /* LFAnnulusProgress.m */ = {isa = PBXFileReference; lastKnownFileType = sourcecode.c.objc; path = LFAnnulusProgress.m; sourceTree = "<group>"; };
		D13B09301FF0E5DA00D8BFE1 /* LFStarsView.h */ = {isa = PBXFileReference; lastKnownFileType = sourcecode.c.h; path = LFStarsView.h; sourceTree = "<group>"; };
		D13B09311FF0E5DA00D8BFE1 /* LFStarsView.m */ = {isa = PBXFileReference; lastKnownFileType = sourcecode.c.objc; path = LFStarsView.m; sourceTree = "<group>"; };
		D13B09331FF0F6E300D8BFE1 /* LFStarsViewVC.h */ = {isa = PBXFileReference; lastKnownFileType = sourcecode.c.h; path = LFStarsViewVC.h; sourceTree = "<group>"; };
		D13B09341FF0F6E300D8BFE1 /* LFStarsViewVC.m */ = {isa = PBXFileReference; lastKnownFileType = sourcecode.c.objc; path = LFStarsViewVC.m; sourceTree = "<group>"; };
		D13B09351FF0F6E300D8BFE1 /* LFStarsViewVC.xib */ = {isa = PBXFileReference; lastKnownFileType = file.xib; path = LFStarsViewVC.xib; sourceTree = "<group>"; };
		D13B09391FF0FA9200D8BFE1 /* star_highlight.png */ = {isa = PBXFileReference; lastKnownFileType = image.png; path = star_highlight.png; sourceTree = "<group>"; };
		D13B093A1FF0FA9200D8BFE1 /* star_gray.png */ = {isa = PBXFileReference; lastKnownFileType = image.png; path = star_gray.png; sourceTree = "<group>"; };
		D142B0AF1FC83857008C032A /* LFBadge.h */ = {isa = PBXFileReference; lastKnownFileType = sourcecode.c.h; path = LFBadge.h; sourceTree = "<group>"; };
		D142B0B01FC83857008C032A /* LFBadge.m */ = {isa = PBXFileReference; lastKnownFileType = sourcecode.c.objc; path = LFBadge.m; sourceTree = "<group>"; };
		D142B0B21FC83AFF008C032A /* LFBadgeViewController.h */ = {isa = PBXFileReference; lastKnownFileType = sourcecode.c.h; path = LFBadgeViewController.h; sourceTree = "<group>"; };
		D142B0B31FC83AFF008C032A /* LFBadgeViewController.m */ = {isa = PBXFileReference; lastKnownFileType = sourcecode.c.objc; path = LFBadgeViewController.m; sourceTree = "<group>"; };
		D142B0B41FC83AFF008C032A /* LFBadgeViewController.xib */ = {isa = PBXFileReference; lastKnownFileType = file.xib; path = LFBadgeViewController.xib; sourceTree = "<group>"; };
		D14ADDFC1FAAC6DB00951E26 /* LFEncryptDecryptUtil.h */ = {isa = PBXFileReference; lastKnownFileType = sourcecode.c.h; path = LFEncryptDecryptUtil.h; sourceTree = "<group>"; };
		D14ADDFD1FAAC6DC00951E26 /* LFEncryptDecryptUtil.m */ = {isa = PBXFileReference; lastKnownFileType = sourcecode.c.objc; path = LFEncryptDecryptUtil.m; sourceTree = "<group>"; };
		D14ADE031FAC54D000951E26 /* ComponentListController.h */ = {isa = PBXFileReference; lastKnownFileType = sourcecode.c.h; path = ComponentListController.h; sourceTree = "<group>"; };
		D14ADE041FAC54D000951E26 /* ComponentListController.m */ = {isa = PBXFileReference; lastKnownFileType = sourcecode.c.objc; path = ComponentListController.m; sourceTree = "<group>"; };
		D14ADE0A1FAC5D6200951E26 /* LFCameraViewController.h */ = {isa = PBXFileReference; lastKnownFileType = sourcecode.c.h; path = LFCameraViewController.h; sourceTree = "<group>"; };
		D14ADE0B1FAC5D6200951E26 /* LFCameraViewController.m */ = {isa = PBXFileReference; lastKnownFileType = sourcecode.c.objc; path = LFCameraViewController.m; sourceTree = "<group>"; };
		D14ADE0C1FAC5D6200951E26 /* LFCameraViewController.xib */ = {isa = PBXFileReference; lastKnownFileType = file.xib; path = LFCameraViewController.xib; sourceTree = "<group>"; };
		D14ADE101FAC5F8300951E26 /* BaseViewController.h */ = {isa = PBXFileReference; lastKnownFileType = sourcecode.c.h; path = BaseViewController.h; sourceTree = "<group>"; };
		D14ADE111FAC5F8300951E26 /* BaseViewController.m */ = {isa = PBXFileReference; lastKnownFileType = sourcecode.c.objc; path = BaseViewController.m; sourceTree = "<group>"; };
		D14ADE131FAC63AC00951E26 /* LFCameraResultViewController.h */ = {isa = PBXFileReference; lastKnownFileType = sourcecode.c.h; path = LFCameraResultViewController.h; sourceTree = "<group>"; };
		D14ADE141FAC63AC00951E26 /* LFCameraResultViewController.m */ = {isa = PBXFileReference; lastKnownFileType = sourcecode.c.objc; path = LFCameraResultViewController.m; sourceTree = "<group>"; };
		D14ADE151FAC63AC00951E26 /* LFCameraResultViewController.xib */ = {isa = PBXFileReference; lastKnownFileType = file.xib; path = LFCameraResultViewController.xib; sourceTree = "<group>"; };
		D18628FB1FA8772B00780629 /* RotationMenu.h */ = {isa = PBXFileReference; lastKnownFileType = sourcecode.c.h; path = RotationMenu.h; sourceTree = "<group>"; };
		D18628FC1FA8772B00780629 /* RotationMenu.m */ = {isa = PBXFileReference; lastKnownFileType = sourcecode.c.objc; path = RotationMenu.m; sourceTree = "<group>"; };
		D1AC21BE1FA3258A0039A2C2 /* LFKit.app */ = {isa = PBXFileReference; explicitFileType = wrapper.application; includeInIndex = 0; path = LFKit.app; sourceTree = BUILT_PRODUCTS_DIR; };
		D1AC21C11FA3258A0039A2C2 /* AppDelegate.h */ = {isa = PBXFileReference; lastKnownFileType = sourcecode.c.h; path = AppDelegate.h; sourceTree = "<group>"; };
		D1AC21C21FA3258A0039A2C2 /* AppDelegate.m */ = {isa = PBXFileReference; lastKnownFileType = sourcecode.c.objc; path = AppDelegate.m; sourceTree = "<group>"; };
		D1AC21C81FA3258A0039A2C2 /* Base */ = {isa = PBXFileReference; lastKnownFileType = file.storyboard; name = Base; path = Base.lproj/Main.storyboard; sourceTree = "<group>"; };
		D1AC21CA1FA3258A0039A2C2 /* Assets.xcassets */ = {isa = PBXFileReference; lastKnownFileType = folder.assetcatalog; path = Assets.xcassets; sourceTree = "<group>"; };
		D1AC21CD1FA3258A0039A2C2 /* Base */ = {isa = PBXFileReference; lastKnownFileType = file.storyboard; name = Base; path = Base.lproj/LaunchScreen.storyboard; sourceTree = "<group>"; };
		D1AC21CF1FA3258A0039A2C2 /* Info.plist */ = {isa = PBXFileReference; lastKnownFileType = text.plist.xml; path = Info.plist; sourceTree = "<group>"; };
		D1AC21D01FA3258A0039A2C2 /* main.m */ = {isa = PBXFileReference; lastKnownFileType = sourcecode.c.objc; path = main.m; sourceTree = "<group>"; };
		D1AC21D61FA3258A0039A2C2 /* LFKitTests.xctest */ = {isa = PBXFileReference; explicitFileType = wrapper.cfbundle; includeInIndex = 0; path = LFKitTests.xctest; sourceTree = BUILT_PRODUCTS_DIR; };
		D1AC21DA1FA3258A0039A2C2 /* LFKitTests.m */ = {isa = PBXFileReference; lastKnownFileType = sourcecode.c.objc; path = LFKitTests.m; sourceTree = "<group>"; };
		D1AC21DC1FA3258A0039A2C2 /* Info.plist */ = {isa = PBXFileReference; lastKnownFileType = text.plist.xml; path = Info.plist; sourceTree = "<group>"; };
		D1AC21E11FA3258A0039A2C2 /* LFKitUITests.xctest */ = {isa = PBXFileReference; explicitFileType = wrapper.cfbundle; includeInIndex = 0; path = LFKitUITests.xctest; sourceTree = BUILT_PRODUCTS_DIR; };
		D1AC21E51FA3258A0039A2C2 /* LFKitUITests.m */ = {isa = PBXFileReference; lastKnownFileType = sourcecode.c.objc; path = LFKitUITests.m; sourceTree = "<group>"; };
		D1AC21E71FA3258A0039A2C2 /* Info.plist */ = {isa = PBXFileReference; lastKnownFileType = text.plist.xml; path = Info.plist; sourceTree = "<group>"; };
		D1AC21FA1FA328910039A2C2 /* UIButton+LF.h */ = {isa = PBXFileReference; lastKnownFileType = sourcecode.c.h; path = "UIButton+LF.h"; sourceTree = "<group>"; };
		D1AC21FB1FA328910039A2C2 /* UIView+LF.m */ = {isa = PBXFileReference; lastKnownFileType = sourcecode.c.objc; path = "UIView+LF.m"; sourceTree = "<group>"; };
		D1AC21FC1FA328910039A2C2 /* UITabBarController+HideTabBar.h */ = {isa = PBXFileReference; lastKnownFileType = sourcecode.c.h; path = "UITabBarController+HideTabBar.h"; sourceTree = "<group>"; };
		D1AC21FD1FA328910039A2C2 /* UIButton+LF.m */ = {isa = PBXFileReference; lastKnownFileType = sourcecode.c.objc; path = "UIButton+LF.m"; sourceTree = "<group>"; };
		D1AC21FE1FA328910039A2C2 /* NSLayoutConstraint+LFXIB.h */ = {isa = PBXFileReference; lastKnownFileType = sourcecode.c.h; path = "NSLayoutConstraint+LFXIB.h"; sourceTree = "<group>"; };
		D1AC21FF1FA328910039A2C2 /* UIImage+LF.m */ = {isa = PBXFileReference; lastKnownFileType = sourcecode.c.objc; path = "UIImage+LF.m"; sourceTree = "<group>"; };
		D1AC22001FA328920039A2C2 /* UITabBarController+HideTabBar.m */ = {isa = PBXFileReference; lastKnownFileType = sourcecode.c.objc; path = "UITabBarController+HideTabBar.m"; sourceTree = "<group>"; };
		D1AC22011FA328920039A2C2 /* UITextField+LF.h */ = {isa = PBXFileReference; lastKnownFileType = sourcecode.c.h; path = "UITextField+LF.h"; sourceTree = "<group>"; };
		D1AC22021FA328920039A2C2 /* UIView+LFXIB.h */ = {isa = PBXFileReference; lastKnownFileType = sourcecode.c.h; path = "UIView+LFXIB.h"; sourceTree = "<group>"; };
		D1AC22031FA328920039A2C2 /* UIImageView+LF.h */ = {isa = PBXFileReference; lastKnownFileType = sourcecode.c.h; path = "UIImageView+LF.h"; sourceTree = "<group>"; };
		D1AC22041FA328920039A2C2 /* NSLayoutConstraint+LFXIB.m */ = {isa = PBXFileReference; lastKnownFileType = sourcecode.c.objc; path = "NSLayoutConstraint+LFXIB.m"; sourceTree = "<group>"; };
		D1AC22051FA328920039A2C2 /* UIImageView+LF.m */ = {isa = PBXFileReference; lastKnownFileType = sourcecode.c.objc; path = "UIImageView+LF.m"; sourceTree = "<group>"; };
		D1AC22061FA328920039A2C2 /* UITextField+LF.m */ = {isa = PBXFileReference; lastKnownFileType = sourcecode.c.objc; path = "UITextField+LF.m"; sourceTree = "<group>"; };
		D1AC22071FA328920039A2C2 /* UIBarButtonItem+LF.m */ = {isa = PBXFileReference; lastKnownFileType = sourcecode.c.objc; path = "UIBarButtonItem+LF.m"; sourceTree = "<group>"; };
		D1AC22081FA328920039A2C2 /* NSString+LF.h */ = {isa = PBXFileReference; lastKnownFileType = sourcecode.c.h; path = "NSString+LF.h"; sourceTree = "<group>"; };
		D1AC22091FA328920039A2C2 /* UIView+LF.h */ = {isa = PBXFileReference; lastKnownFileType = sourcecode.c.h; path = "UIView+LF.h"; sourceTree = "<group>"; };
		D1AC220A1FA328920039A2C2 /* UIViewController+FullScreenScroll.m */ = {isa = PBXFileReference; lastKnownFileType = sourcecode.c.objc; path = "UIViewController+FullScreenScroll.m"; sourceTree = "<group>"; };
		D1AC220B1FA328930039A2C2 /* NSString+LF.m */ = {isa = PBXFileReference; lastKnownFileType = sourcecode.c.objc; path = "NSString+LF.m"; sourceTree = "<group>"; };
		D1AC220C1FA328930039A2C2 /* UILabel+LF.m */ = {isa = PBXFileReference; lastKnownFileType = sourcecode.c.objc; path = "UILabel+LF.m"; sourceTree = "<group>"; };
		D1AC220D1FA328930039A2C2 /* UIBarButtonItem+LF.h */ = {isa = PBXFileReference; lastKnownFileType = sourcecode.c.h; path = "UIBarButtonItem+LF.h"; sourceTree = "<group>"; };
		D1AC220E1FA328930039A2C2 /* UIImage+LF.h */ = {isa = PBXFileReference; lastKnownFileType = sourcecode.c.h; path = "UIImage+LF.h"; sourceTree = "<group>"; };
		D1AC220F1FA328930039A2C2 /* UILabel+LF.h */ = {isa = PBXFileReference; lastKnownFileType = sourcecode.c.h; path = "UILabel+LF.h"; sourceTree = "<group>"; };
		D1AC22101FA328930039A2C2 /* UIViewController+FullScreenScroll.h */ = {isa = PBXFileReference; lastKnownFileType = sourcecode.c.h; path = "UIViewController+FullScreenScroll.h"; sourceTree = "<group>"; };
		D1AC22111FA328930039A2C2 /* NSTimer+LF.h */ = {isa = PBXFileReference; lastKnownFileType = sourcecode.c.h; path = "NSTimer+LF.h"; sourceTree = "<group>"; };
		D1AC22121FA328930039A2C2 /* NSTimer+LF.m */ = {isa = PBXFileReference; lastKnownFileType = sourcecode.c.objc; path = "NSTimer+LF.m"; sourceTree = "<group>"; };
		D1AC22131FA328940039A2C2 /* UIView+LFXIB.m */ = {isa = PBXFileReference; lastKnownFileType = sourcecode.c.objc; path = "UIView+LFXIB.m"; sourceTree = "<group>"; };
		D1AC22141FA3290B0039A2C2 /* SFHFKeychainUtils.h */ = {isa = PBXFileReference; fileEncoding = 4; lastKnownFileType = sourcecode.c.h; path = SFHFKeychainUtils.h; sourceTree = "<group>"; };
		D1AC22151FA3290B0039A2C2 /* LFDeviceInfo.h */ = {isa = PBXFileReference; fileEncoding = 4; lastKnownFileType = sourcecode.c.h; path = LFDeviceInfo.h; sourceTree = "<group>"; };
		D1AC22161FA3290B0039A2C2 /* LFJsonUtil.h */ = {isa = PBXFileReference; fileEncoding = 4; lastKnownFileType = sourcecode.c.h; path = LFJsonUtil.h; sourceTree = "<group>"; };
		D1AC22171FA3290B0039A2C2 /* LFFileUtil.h */ = {isa = PBXFileReference; fileEncoding = 4; lastKnownFileType = sourcecode.c.h; path = LFFileUtil.h; sourceTree = "<group>"; };
		D1AC22181FA3290B0039A2C2 /* LFJsonUtil.m */ = {isa = PBXFileReference; fileEncoding = 4; lastKnownFileType = sourcecode.c.objc; path = LFJsonUtil.m; sourceTree = "<group>"; };
		D1AC221A1FA3290B0039A2C2 /* SFHFKeychainUtils.m */ = {isa = PBXFileReference; fileEncoding = 4; lastKnownFileType = sourcecode.c.objc; path = SFHFKeychainUtils.m; sourceTree = "<group>"; };
		D1AC221B1FA3290B0039A2C2 /* LFFileUtil.m */ = {isa = PBXFileReference; fileEncoding = 4; lastKnownFileType = sourcecode.c.objc; path = LFFileUtil.m; sourceTree = "<group>"; };
		D1AC221D1FA3290B0039A2C2 /* LFTimeUtil.m */ = {isa = PBXFileReference; fileEncoding = 4; lastKnownFileType = sourcecode.c.objc; path = LFTimeUtil.m; sourceTree = "<group>"; };
		D1AC221E1FA3290B0039A2C2 /* LFDeviceInfo.m */ = {isa = PBXFileReference; fileEncoding = 4; lastKnownFileType = sourcecode.c.objc; path = LFDeviceInfo.m; sourceTree = "<group>"; };
		D1AC221F1FA3290B0039A2C2 /* LFTimeUtil.h */ = {isa = PBXFileReference; fileEncoding = 4; lastKnownFileType = sourcecode.c.h; path = LFTimeUtil.h; sourceTree = "<group>"; };
		D1AC22271FA32F010039A2C2 /* NSDate+LF.h */ = {isa = PBXFileReference; lastKnownFileType = sourcecode.c.h; path = "NSDate+LF.h"; sourceTree = "<group>"; };
		D1AC22281FA32F010039A2C2 /* NSDate+LF.m */ = {isa = PBXFileReference; lastKnownFileType = sourcecode.c.objc; path = "NSDate+LF.m"; sourceTree = "<group>"; };
		D1AC222E1FA345250039A2C2 /* LFErrorView.h */ = {isa = PBXFileReference; lastKnownFileType = sourcecode.c.h; path = LFErrorView.h; sourceTree = "<group>"; };
		D1AC222F1FA345250039A2C2 /* LFErrorView.m */ = {isa = PBXFileReference; lastKnownFileType = sourcecode.c.objc; path = LFErrorView.m; sourceTree = "<group>"; };
		D1AC22311FA345320039A2C2 /* LFOptionTableView.h */ = {isa = PBXFileReference; lastKnownFileType = sourcecode.c.h; path = LFOptionTableView.h; sourceTree = "<group>"; };
		D1AC22321FA345320039A2C2 /* LFOptionTableView.m */ = {isa = PBXFileReference; lastKnownFileType = sourcecode.c.objc; path = LFOptionTableView.m; sourceTree = "<group>"; };
		D1AC22341FA348160039A2C2 /* LFQRCodeScanner.h */ = {isa = PBXFileReference; lastKnownFileType = sourcecode.c.h; path = LFQRCodeScanner.h; sourceTree = "<group>"; };
		D1AC22351FA348160039A2C2 /* LFQRCodeScanner.m */ = {isa = PBXFileReference; lastKnownFileType = sourcecode.c.objc; path = LFQRCodeScanner.m; sourceTree = "<group>"; };
		D1AC22361FA348160039A2C2 /* LFQRCodeUtil.h */ = {isa = PBXFileReference; lastKnownFileType = sourcecode.c.h; path = LFQRCodeUtil.h; sourceTree = "<group>"; };
		D1AC22371FA348160039A2C2 /* LFQRCodeUtil.m */ = {isa = PBXFileReference; lastKnownFileType = sourcecode.c.objc; path = LFQRCodeUtil.m; sourceTree = "<group>"; };
		D1AC22391FA348160039A2C2 /* LFLocalMusicPicker.h */ = {isa = PBXFileReference; lastKnownFileType = sourcecode.c.h; path = LFLocalMusicPicker.h; sourceTree = "<group>"; };
		D1AC223A1FA348160039A2C2 /* LFLocalMusicPicker.m */ = {isa = PBXFileReference; lastKnownFileType = sourcecode.c.objc; path = LFLocalMusicPicker.m; sourceTree = "<group>"; };
		D1AC223C1FA348170039A2C2 /* LFCamera.h */ = {isa = PBXFileReference; lastKnownFileType = sourcecode.c.h; path = LFCamera.h; sourceTree = "<group>"; };
		D1AC223D1FA348170039A2C2 /* LFCamera.m */ = {isa = PBXFileReference; lastKnownFileType = sourcecode.c.objc; path = LFCamera.m; sourceTree = "<group>"; };
		D1AC224E1FA348170039A2C2 /* LFPickerView.h */ = {isa = PBXFileReference; lastKnownFileType = sourcecode.c.h; path = LFPickerView.h; sourceTree = "<group>"; };
		D1AC224F1FA348170039A2C2 /* LFPickerView.m */ = {isa = PBXFileReference; lastKnownFileType = sourcecode.c.objc; path = LFPickerView.m; sourceTree = "<group>"; };
		D1AC22511FA348170039A2C2 /* LFBubbleView.h */ = {isa = PBXFileReference; lastKnownFileType = sourcecode.c.h; path = LFBubbleView.h; sourceTree = "<group>"; };
		D1AC22521FA348170039A2C2 /* LFBubbleView.m */ = {isa = PBXFileReference; lastKnownFileType = sourcecode.c.objc; path = LFBubbleView.m; sourceTree = "<group>"; };
		D1AC225C1FA348170039A2C2 /* LFCycleScrollView.h */ = {isa = PBXFileReference; lastKnownFileType = sourcecode.c.h; path = LFCycleScrollView.h; sourceTree = "<group>"; };
		D1AC225D1FA348170039A2C2 /* LFCycleScrollView.m */ = {isa = PBXFileReference; lastKnownFileType = sourcecode.c.objc; path = LFCycleScrollView.m; sourceTree = "<group>"; };
		D1AC225F1FA348170039A2C2 /* LFImagePicker.h */ = {isa = PBXFileReference; lastKnownFileType = sourcecode.c.h; path = LFImagePicker.h; sourceTree = "<group>"; };
		D1AC22601FA348170039A2C2 /* LFImagePicker.m */ = {isa = PBXFileReference; lastKnownFileType = sourcecode.c.objc; path = LFImagePicker.m; sourceTree = "<group>"; };
		D1AC22611FA348740039A2C2 /* UIColor+LF.h */ = {isa = PBXFileReference; lastKnownFileType = sourcecode.c.h; path = "UIColor+LF.h"; sourceTree = "<group>"; };
		D1AC22621FA348750039A2C2 /* UIColor+LF.m */ = {isa = PBXFileReference; lastKnownFileType = sourcecode.c.objc; path = "UIColor+LF.m"; sourceTree = "<group>"; };
		D1AE0D1E1FB45E79004605E7 /* LFPopupMenu.h */ = {isa = PBXFileReference; fileEncoding = 4; lastKnownFileType = sourcecode.c.h; path = LFPopupMenu.h; sourceTree = "<group>"; };
		D1AE0D1F1FB45E79004605E7 /* LFPopupMenu.m */ = {isa = PBXFileReference; fileEncoding = 4; lastKnownFileType = sourcecode.c.objc; path = LFPopupMenu.m; sourceTree = "<group>"; };
		D1D977372004BABC0053AE92 /* LFPopupMenuTestVC.h */ = {isa = PBXFileReference; lastKnownFileType = sourcecode.c.h; path = LFPopupMenuTestVC.h; sourceTree = "<group>"; };
		D1D977382004BABC0053AE92 /* LFPopupMenuTestVC.m */ = {isa = PBXFileReference; lastKnownFileType = sourcecode.c.objc; path = LFPopupMenuTestVC.m; sourceTree = "<group>"; };
		D1D977392004BABC0053AE92 /* LFPopupMenuTestVC.xib */ = {isa = PBXFileReference; lastKnownFileType = file.xib; path = LFPopupMenuTestVC.xib; sourceTree = "<group>"; };
		D1D9773C2004C0160053AE92 /* icon_menu_shoot_normal@3x.png */ = {isa = PBXFileReference; lastKnownFileType = image.png; path = "icon_menu_shoot_normal@3x.png"; sourceTree = "<group>"; };
		D1D9773D2004C0160053AE92 /* icon_menu_shoot_normal@2x.png */ = {isa = PBXFileReference; lastKnownFileType = image.png; path = "icon_menu_shoot_normal@2x.png"; sourceTree = "<group>"; };
		D1D977402004C01E0053AE92 /* icon_menu_record_normal@2x.png */ = {isa = PBXFileReference; lastKnownFileType = image.png; path = "icon_menu_record_normal@2x.png"; sourceTree = "<group>"; };
		D1D977412004C01E0053AE92 /* icon_menu_record_normal@3x.png */ = {isa = PBXFileReference; lastKnownFileType = image.png; path = "icon_menu_record_normal@3x.png"; sourceTree = "<group>"; };
		D1D977442004C0250053AE92 /* icon_menu_live_normal@2x.png */ = {isa = PBXFileReference; lastKnownFileType = image.png; path = "icon_menu_live_normal@2x.png"; sourceTree = "<group>"; };
		D1D977452004C0250053AE92 /* icon_menu_live_normal@3x.png */ = {isa = PBXFileReference; lastKnownFileType = image.png; path = "icon_menu_live_normal@3x.png"; sourceTree = "<group>"; };
		D1D977482004C02E0053AE92 /* icon_menu_album_normal@2x.png */ = {isa = PBXFileReference; lastKnownFileType = image.png; path = "icon_menu_album_normal@2x.png"; sourceTree = "<group>"; };
		D1D977492004C02E0053AE92 /* icon_menu_album_normal@3x.png */ = {isa = PBXFileReference; lastKnownFileType = image.png; path = "icon_menu_album_normal@3x.png"; sourceTree = "<group>"; };
		D1D9774C2004C05E0053AE92 /* img_menu_frame_bg@3x.png */ = {isa = PBXFileReference; lastKnownFileType = image.png; path = "img_menu_frame_bg@3x.png"; sourceTree = "<group>"; };
		D1D9774D2004C05E0053AE92 /* img_menu_frame_bg@2x.png */ = {isa = PBXFileReference; lastKnownFileType = image.png; path = "img_menu_frame_bg@2x.png"; sourceTree = "<group>"; };
/* End PBXFileReference section */

/* Begin PBXFrameworksBuildPhase section */
		D1AC21BB1FA3258A0039A2C2 /* Frameworks */ = {
			isa = PBXFrameworksBuildPhase;
			buildActionMask = 2147483647;
			files = (
				B205199E50ACC8D989F93925 /* libPods-LFKit.a in Frameworks */,
			);
			runOnlyForDeploymentPostprocessing = 0;
		};
		D1AC21D31FA3258A0039A2C2 /* Frameworks */ = {
			isa = PBXFrameworksBuildPhase;
			buildActionMask = 2147483647;
			files = (
			);
			runOnlyForDeploymentPostprocessing = 0;
		};
		D1AC21DE1FA3258A0039A2C2 /* Frameworks */ = {
			isa = PBXFrameworksBuildPhase;
			buildActionMask = 2147483647;
			files = (
			);
			runOnlyForDeploymentPostprocessing = 0;
		};
/* End PBXFrameworksBuildPhase section */

/* Begin PBXGroup section */
		05496B28B533387E11F1E340 /* Pods */ = {
			isa = PBXGroup;
			children = (
				1D919615463A4F0C9EC8B749 /* Pods-LFKit.debug.xcconfig */,
				5B2E01735C8A234634021AF1 /* Pods-LFKit.release.xcconfig */,
			);
			name = Pods;
			sourceTree = "<group>";
		};
		50798748EEB65E755909E56E /* Frameworks */ = {
			isa = PBXGroup;
			children = (
				725C3FB0F9CA066A6FF20F66 /* libPods-LFKit.a */,
			);
			name = Frameworks;
			sourceTree = "<group>";
		};
		D13B09271FF0E0D400D8BFE1 /* LFAlignCollectionViewFlowLayout */ = {
			isa = PBXGroup;
			children = (
				D13B09291FF0E10700D8BFE1 /* LFAlignCollectionViewFlowLayout.h */,
				D13B092A1FF0E10700D8BFE1 /* LFAlignCollectionViewFlowLayout.m */,
			);
			path = LFAlignCollectionViewFlowLayout;
			sourceTree = "<group>";
		};
		D13B09281FF0E0D500D8BFE1 /* LFAnnulusProgress */ = {
			isa = PBXGroup;
			children = (
				D13B092C1FF0E1BF00D8BFE1 /* LFAnnulusProgress.h */,
				D13B092D1FF0E1BF00D8BFE1 /* LFAnnulusProgress.m */,
			);
			path = LFAnnulusProgress;
			sourceTree = "<group>";
		};
		D13B092F1FF0E5C100D8BFE1 /* LFStarsView */ = {
			isa = PBXGroup;
			children = (
				D13B09301FF0E5DA00D8BFE1 /* LFStarsView.h */,
				D13B09311FF0E5DA00D8BFE1 /* LFStarsView.m */,
			);
			path = LFStarsView;
			sourceTree = "<group>";
		};
		D13B09381FF0FA4F00D8BFE1 /* Resource */ = {
			isa = PBXGroup;
			children = (
				D13B093A1FF0FA9200D8BFE1 /* star_gray.png */,
				D13B09391FF0FA9200D8BFE1 /* star_highlight.png */,
				D1D9774D2004C05E0053AE92 /* img_menu_frame_bg@2x.png */,
				D1D9774C2004C05E0053AE92 /* img_menu_frame_bg@3x.png */,
				D1D9773D2004C0160053AE92 /* icon_menu_shoot_normal@2x.png */,
				D1D9773C2004C0160053AE92 /* icon_menu_shoot_normal@3x.png */,
				D1D977402004C01E0053AE92 /* icon_menu_record_normal@2x.png */,
				D1D977412004C01E0053AE92 /* icon_menu_record_normal@3x.png */,
				D1D977442004C0250053AE92 /* icon_menu_live_normal@2x.png */,
				D1D977452004C0250053AE92 /* icon_menu_live_normal@3x.png */,
				D1D977482004C02E0053AE92 /* icon_menu_album_normal@2x.png */,
				D1D977492004C02E0053AE92 /* icon_menu_album_normal@3x.png */,
			);
			path = Resource;
			sourceTree = "<group>";
		};
		D142B0AE1FC83832008C032A /* LFBadge */ = {
			isa = PBXGroup;
			children = (
				D142B0AF1FC83857008C032A /* LFBadge.h */,
				D142B0B01FC83857008C032A /* LFBadge.m */,
			);
			path = LFBadge;
			sourceTree = "<group>";
		};
		D14ADDFF1FAC52F700951E26 /* Demo */ = {
			isa = PBXGroup;
			children = (
				D14ADE0F1FAC5F5600951E26 /* Base */,
				D14ADE001FAC545600951E26 /* Component */,
				D14ADE011FAC548C00951E26 /* Module */,
				D14ADE021FAC549200951E26 /* Other */,
			);
			path = Demo;
			sourceTree = "<group>";
		};
		D14ADE001FAC545600951E26 /* Component */ = {
			isa = PBXGroup;
			children = (
				D14ADE031FAC54D000951E26 /* ComponentListController.h */,
				D14ADE041FAC54D000951E26 /* ComponentListController.m */,
				D14ADE0A1FAC5D6200951E26 /* LFCameraViewController.h */,
				D14ADE0B1FAC5D6200951E26 /* LFCameraViewController.m */,
				D14ADE0C1FAC5D6200951E26 /* LFCameraViewController.xib */,
				D14ADE131FAC63AC00951E26 /* LFCameraResultViewController.h */,
				D14ADE141FAC63AC00951E26 /* LFCameraResultViewController.m */,
				D14ADE151FAC63AC00951E26 /* LFCameraResultViewController.xib */,
				D142B0B21FC83AFF008C032A /* LFBadgeViewController.h */,
				D142B0B31FC83AFF008C032A /* LFBadgeViewController.m */,
				D142B0B41FC83AFF008C032A /* LFBadgeViewController.xib */,
				D13B09331FF0F6E300D8BFE1 /* LFStarsViewVC.h */,
				D13B09341FF0F6E300D8BFE1 /* LFStarsViewVC.m */,
				D13B09351FF0F6E300D8BFE1 /* LFStarsViewVC.xib */,
				D1D977372004BABC0053AE92 /* LFPopupMenuTestVC.h */,
				D1D977382004BABC0053AE92 /* LFPopupMenuTestVC.m */,
				D1D977392004BABC0053AE92 /* LFPopupMenuTestVC.xib */,
			);
			path = Component;
			sourceTree = "<group>";
		};
		D14ADE011FAC548C00951E26 /* Module */ = {
			isa = PBXGroup;
			children = (
			);
			path = Module;
			sourceTree = "<group>";
		};
		D14ADE021FAC549200951E26 /* Other */ = {
			isa = PBXGroup;
			children = (
			);
			path = Other;
			sourceTree = "<group>";
		};
		D14ADE0F1FAC5F5600951E26 /* Base */ = {
			isa = PBXGroup;
			children = (
				D14ADE101FAC5F8300951E26 /* BaseViewController.h */,
				D14ADE111FAC5F8300951E26 /* BaseViewController.m */,
			);
			path = Base;
			sourceTree = "<group>";
		};
		D18628FA1FA8772B00780629 /* RotationMenu */ = {
			isa = PBXGroup;
			children = (
				D18628FB1FA8772B00780629 /* RotationMenu.h */,
				D18628FC1FA8772B00780629 /* RotationMenu.m */,
			);
			path = RotationMenu;
			sourceTree = "<group>";
		};
		D1AC21B51FA3258A0039A2C2 = {
			isa = PBXGroup;
			children = (
				D1AC21C01FA3258A0039A2C2 /* LFKit */,
				D1AC21D91FA3258A0039A2C2 /* LFKitTests */,
				D1AC21E41FA3258A0039A2C2 /* LFKitUITests */,
				D1AC21BF1FA3258A0039A2C2 /* Products */,
				05496B28B533387E11F1E340 /* Pods */,
				50798748EEB65E755909E56E /* Frameworks */,
			);
			sourceTree = "<group>";
		};
		D1AC21BF1FA3258A0039A2C2 /* Products */ = {
			isa = PBXGroup;
			children = (
				D1AC21BE1FA3258A0039A2C2 /* LFKit.app */,
				D1AC21D61FA3258A0039A2C2 /* LFKitTests.xctest */,
				D1AC21E11FA3258A0039A2C2 /* LFKitUITests.xctest */,
			);
			name = Products;
			sourceTree = "<group>";
		};
		D1AC21C01FA3258A0039A2C2 /* LFKit */ = {
			isa = PBXGroup;
			children = (
				D1AC21F31FA326F90039A2C2 /* LFKit */,
				D14ADDFF1FAC52F700951E26 /* Demo */,
				D13B09381FF0FA4F00D8BFE1 /* Resource */,
				D1AC21C11FA3258A0039A2C2 /* AppDelegate.h */,
				D1AC21C21FA3258A0039A2C2 /* AppDelegate.m */,
				D1AC21C71FA3258A0039A2C2 /* Main.storyboard */,
				D1AC21CA1FA3258A0039A2C2 /* Assets.xcassets */,
				D1AC21CC1FA3258A0039A2C2 /* LaunchScreen.storyboard */,
				D1AC21CF1FA3258A0039A2C2 /* Info.plist */,
				D1AC21D01FA3258A0039A2C2 /* main.m */,
			);
			path = LFKit;
			sourceTree = "<group>";
		};
		D1AC21D91FA3258A0039A2C2 /* LFKitTests */ = {
			isa = PBXGroup;
			children = (
				D1AC21DA1FA3258A0039A2C2 /* LFKitTests.m */,
				D1AC21DC1FA3258A0039A2C2 /* Info.plist */,
			);
			path = LFKitTests;
			sourceTree = "<group>";
		};
		D1AC21E41FA3258A0039A2C2 /* LFKitUITests */ = {
			isa = PBXGroup;
			children = (
				D1AC21E51FA3258A0039A2C2 /* LFKitUITests.m */,
				D1AC21E71FA3258A0039A2C2 /* Info.plist */,
			);
			path = LFKitUITests;
			sourceTree = "<group>";
		};
		D1AC21F31FA326F90039A2C2 /* LFKit */ = {
			isa = PBXGroup;
			children = (
				D1AC21F91FA328830039A2C2 /* Category */,
				D1AC21F81FA328830039A2C2 /* Component */,
				D1AC21F71FA328830039A2C2 /* Util */,
			);
			path = LFKit;
			sourceTree = "<group>";
		};
		D1AC21F71FA328830039A2C2 /* Util */ = {
			isa = PBXGroup;
			children = (
				D14ADDFC1FAAC6DB00951E26 /* LFEncryptDecryptUtil.h */,
				D14ADDFD1FAAC6DC00951E26 /* LFEncryptDecryptUtil.m */,
				D1AC22151FA3290B0039A2C2 /* LFDeviceInfo.h */,
				D1AC221E1FA3290B0039A2C2 /* LFDeviceInfo.m */,
				D1AC22171FA3290B0039A2C2 /* LFFileUtil.h */,
				D1AC221B1FA3290B0039A2C2 /* LFFileUtil.m */,
				D1AC22161FA3290B0039A2C2 /* LFJsonUtil.h */,
				D1AC22181FA3290B0039A2C2 /* LFJsonUtil.m */,
				D1AC221F1FA3290B0039A2C2 /* LFTimeUtil.h */,
				D1AC221D1FA3290B0039A2C2 /* LFTimeUtil.m */,
				D1AC22141FA3290B0039A2C2 /* SFHFKeychainUtils.h */,
				D1AC221A1FA3290B0039A2C2 /* SFHFKeychainUtils.m */,
			);
			path = Util;
			sourceTree = "<group>";
		};
		D1AC21F81FA328830039A2C2 /* Component */ = {
			isa = PBXGroup;
			children = (
				D13B09271FF0E0D400D8BFE1 /* LFAlignCollectionViewFlowLayout */,
				D13B09281FF0E0D500D8BFE1 /* LFAnnulusProgress */,
				D142B0AE1FC83832008C032A /* LFBadge */,
				D1AE0D1D1FB45E79004605E7 /* LFPopupMenu */,
				D18628FA1FA8772B00780629 /* RotationMenu */,
				D1AC22501FA348170039A2C2 /* LFBubbleView */,
				D1AC223B1FA348170039A2C2 /* LFCamera */,
				D1AC225B1FA348170039A2C2 /* LFCycleScrollView */,
				D1AC225E1FA348170039A2C2 /* LFImagePicker */,
				D1AC22381FA348160039A2C2 /* LFLocalMusicPicker */,
				D1AC224D1FA348170039A2C2 /* LFPickerView */,
				D1AC22331FA348160039A2C2 /* LFQRCode */,
				D1AC22301FA345320039A2C2 /* LFOptionTableView */,
				D1AC222D1FA345250039A2C2 /* LFErrorView */,
				D13B092F1FF0E5C100D8BFE1 /* LFStarsView */,
			);
			path = Component;
			sourceTree = "<group>";
		};
		D1AC21F91FA328830039A2C2 /* Category */ = {
			isa = PBXGroup;
			children = (
				D1AC22611FA348740039A2C2 /* UIColor+LF.h */,
				D1AC22621FA348750039A2C2 /* UIColor+LF.m */,
				D1AC21FE1FA328910039A2C2 /* NSLayoutConstraint+LFXIB.h */,
				D1AC22041FA328920039A2C2 /* NSLayoutConstraint+LFXIB.m */,
				D1AC22081FA328920039A2C2 /* NSString+LF.h */,
				D1AC220B1FA328930039A2C2 /* NSString+LF.m */,
				D1AC22111FA328930039A2C2 /* NSTimer+LF.h */,
				D1AC22121FA328930039A2C2 /* NSTimer+LF.m */,
				D1AC220D1FA328930039A2C2 /* UIBarButtonItem+LF.h */,
				D1AC22071FA328920039A2C2 /* UIBarButtonItem+LF.m */,
				D1AC21FA1FA328910039A2C2 /* UIButton+LF.h */,
				D1AC21FD1FA328910039A2C2 /* UIButton+LF.m */,
				D1AC220E1FA328930039A2C2 /* UIImage+LF.h */,
				D1AC21FF1FA328910039A2C2 /* UIImage+LF.m */,
				D1AC22031FA328920039A2C2 /* UIImageView+LF.h */,
				D1AC22051FA328920039A2C2 /* UIImageView+LF.m */,
				D1AC220F1FA328930039A2C2 /* UILabel+LF.h */,
				D1AC220C1FA328930039A2C2 /* UILabel+LF.m */,
				D1AC21FC1FA328910039A2C2 /* UITabBarController+HideTabBar.h */,
				D1AC22001FA328920039A2C2 /* UITabBarController+HideTabBar.m */,
				D1AC22011FA328920039A2C2 /* UITextField+LF.h */,
				D1AC22061FA328920039A2C2 /* UITextField+LF.m */,
				D1AC22091FA328920039A2C2 /* UIView+LF.h */,
				D1AC21FB1FA328910039A2C2 /* UIView+LF.m */,
				D1AC22021FA328920039A2C2 /* UIView+LFXIB.h */,
				D1AC22131FA328940039A2C2 /* UIView+LFXIB.m */,
				D1AC22101FA328930039A2C2 /* UIViewController+FullScreenScroll.h */,
				D1AC220A1FA328920039A2C2 /* UIViewController+FullScreenScroll.m */,
				D1AC22271FA32F010039A2C2 /* NSDate+LF.h */,
				D1AC22281FA32F010039A2C2 /* NSDate+LF.m */,
			);
			path = Category;
			sourceTree = "<group>";
		};
		D1AC222D1FA345250039A2C2 /* LFErrorView */ = {
			isa = PBXGroup;
			children = (
				D1AC222E1FA345250039A2C2 /* LFErrorView.h */,
				D1AC222F1FA345250039A2C2 /* LFErrorView.m */,
			);
			path = LFErrorView;
			sourceTree = "<group>";
		};
		D1AC22301FA345320039A2C2 /* LFOptionTableView */ = {
			isa = PBXGroup;
			children = (
				D1AC22311FA345320039A2C2 /* LFOptionTableView.h */,
				D1AC22321FA345320039A2C2 /* LFOptionTableView.m */,
			);
			path = LFOptionTableView;
			sourceTree = "<group>";
		};
		D1AC22331FA348160039A2C2 /* LFQRCode */ = {
			isa = PBXGroup;
			children = (
				D1AC22341FA348160039A2C2 /* LFQRCodeScanner.h */,
				D1AC22351FA348160039A2C2 /* LFQRCodeScanner.m */,
				D1AC22361FA348160039A2C2 /* LFQRCodeUtil.h */,
				D1AC22371FA348160039A2C2 /* LFQRCodeUtil.m */,
			);
			path = LFQRCode;
			sourceTree = "<group>";
		};
		D1AC22381FA348160039A2C2 /* LFLocalMusicPicker */ = {
			isa = PBXGroup;
			children = (
				D1AC22391FA348160039A2C2 /* LFLocalMusicPicker.h */,
				D1AC223A1FA348160039A2C2 /* LFLocalMusicPicker.m */,
			);
			path = LFLocalMusicPicker;
			sourceTree = "<group>";
		};
		D1AC223B1FA348170039A2C2 /* LFCamera */ = {
			isa = PBXGroup;
			children = (
				D1AC223C1FA348170039A2C2 /* LFCamera.h */,
				D1AC223D1FA348170039A2C2 /* LFCamera.m */,
			);
			path = LFCamera;
			sourceTree = "<group>";
		};
		D1AC224D1FA348170039A2C2 /* LFPickerView */ = {
			isa = PBXGroup;
			children = (
				D1AC224E1FA348170039A2C2 /* LFPickerView.h */,
				D1AC224F1FA348170039A2C2 /* LFPickerView.m */,
			);
			path = LFPickerView;
			sourceTree = "<group>";
		};
		D1AC22501FA348170039A2C2 /* LFBubbleView */ = {
			isa = PBXGroup;
			children = (
				D1AC22511FA348170039A2C2 /* LFBubbleView.h */,
				D1AC22521FA348170039A2C2 /* LFBubbleView.m */,
			);
			path = LFBubbleView;
			sourceTree = "<group>";
		};
		D1AC225B1FA348170039A2C2 /* LFCycleScrollView */ = {
			isa = PBXGroup;
			children = (
				D1AC225C1FA348170039A2C2 /* LFCycleScrollView.h */,
				D1AC225D1FA348170039A2C2 /* LFCycleScrollView.m */,
			);
			path = LFCycleScrollView;
			sourceTree = "<group>";
		};
		D1AC225E1FA348170039A2C2 /* LFImagePicker */ = {
			isa = PBXGroup;
			children = (
				D1AC225F1FA348170039A2C2 /* LFImagePicker.h */,
				D1AC22601FA348170039A2C2 /* LFImagePicker.m */,
			);
			path = LFImagePicker;
			sourceTree = "<group>";
		};
		D1AE0D1D1FB45E79004605E7 /* LFPopupMenu */ = {
			isa = PBXGroup;
			children = (
				D1AE0D1E1FB45E79004605E7 /* LFPopupMenu.h */,
				D1AE0D1F1FB45E79004605E7 /* LFPopupMenu.m */,
			);
			path = LFPopupMenu;
			sourceTree = "<group>";
		};
/* End PBXGroup section */

/* Begin PBXNativeTarget section */
		D1AC21BD1FA3258A0039A2C2 /* LFKit */ = {
			isa = PBXNativeTarget;
			buildConfigurationList = D1AC21EA1FA3258A0039A2C2 /* Build configuration list for PBXNativeTarget "LFKit" */;
			buildPhases = (
				1E3A39FDF181A0CF42217B01 /* [CP] Check Pods Manifest.lock */,
				D1AC21BA1FA3258A0039A2C2 /* Sources */,
				D1AC21BB1FA3258A0039A2C2 /* Frameworks */,
				D1AC21BC1FA3258A0039A2C2 /* Resources */,
				33A7E05F439178DE4EA78BB5 /* [CP] Embed Pods Frameworks */,
				4CADBC1D7171A3CBF4DB21F2 /* [CP] Copy Pods Resources */,
			);
			buildRules = (
			);
			dependencies = (
			);
			name = LFKit;
			productName = LFKit;
			productReference = D1AC21BE1FA3258A0039A2C2 /* LFKit.app */;
			productType = "com.apple.product-type.application";
		};
		D1AC21D51FA3258A0039A2C2 /* LFKitTests */ = {
			isa = PBXNativeTarget;
			buildConfigurationList = D1AC21ED1FA3258A0039A2C2 /* Build configuration list for PBXNativeTarget "LFKitTests" */;
			buildPhases = (
				D1AC21D21FA3258A0039A2C2 /* Sources */,
				D1AC21D31FA3258A0039A2C2 /* Frameworks */,
				D1AC21D41FA3258A0039A2C2 /* Resources */,
			);
			buildRules = (
			);
			dependencies = (
				D1AC21D81FA3258A0039A2C2 /* PBXTargetDependency */,
			);
			name = LFKitTests;
			productName = LFKitTests;
			productReference = D1AC21D61FA3258A0039A2C2 /* LFKitTests.xctest */;
			productType = "com.apple.product-type.bundle.unit-test";
		};
		D1AC21E01FA3258A0039A2C2 /* LFKitUITests */ = {
			isa = PBXNativeTarget;
			buildConfigurationList = D1AC21F01FA3258A0039A2C2 /* Build configuration list for PBXNativeTarget "LFKitUITests" */;
			buildPhases = (
				D1AC21DD1FA3258A0039A2C2 /* Sources */,
				D1AC21DE1FA3258A0039A2C2 /* Frameworks */,
				D1AC21DF1FA3258A0039A2C2 /* Resources */,
			);
			buildRules = (
			);
			dependencies = (
				D1AC21E31FA3258A0039A2C2 /* PBXTargetDependency */,
			);
			name = LFKitUITests;
			productName = LFKitUITests;
			productReference = D1AC21E11FA3258A0039A2C2 /* LFKitUITests.xctest */;
			productType = "com.apple.product-type.bundle.ui-testing";
		};
/* End PBXNativeTarget section */

/* Begin PBXProject section */
		D1AC21B61FA3258A0039A2C2 /* Project object */ = {
			isa = PBXProject;
			attributes = {
				LastUpgradeCheck = 0900;
				ORGANIZATIONNAME = "张林峰";
				TargetAttributes = {
					D1AC21BD1FA3258A0039A2C2 = {
						CreatedOnToolsVersion = 9.0;
						ProvisioningStyle = Automatic;
					};
					D1AC21D51FA3258A0039A2C2 = {
						CreatedOnToolsVersion = 9.0;
						ProvisioningStyle = Automatic;
						TestTargetID = D1AC21BD1FA3258A0039A2C2;
					};
					D1AC21E01FA3258A0039A2C2 = {
						CreatedOnToolsVersion = 9.0;
						ProvisioningStyle = Automatic;
						TestTargetID = D1AC21BD1FA3258A0039A2C2;
					};
				};
			};
			buildConfigurationList = D1AC21B91FA3258A0039A2C2 /* Build configuration list for PBXProject "LFKit" */;
			compatibilityVersion = "Xcode 8.0";
			developmentRegion = en;
			hasScannedForEncodings = 0;
			knownRegions = (
				en,
				Base,
			);
			mainGroup = D1AC21B51FA3258A0039A2C2;
			productRefGroup = D1AC21BF1FA3258A0039A2C2 /* Products */;
			projectDirPath = "";
			projectRoot = "";
			targets = (
				D1AC21BD1FA3258A0039A2C2 /* LFKit */,
				D1AC21D51FA3258A0039A2C2 /* LFKitTests */,
				D1AC21E01FA3258A0039A2C2 /* LFKitUITests */,
			);
		};
/* End PBXProject section */

/* Begin PBXResourcesBuildPhase section */
		D1AC21BC1FA3258A0039A2C2 /* Resources */ = {
			isa = PBXResourcesBuildPhase;
			buildActionMask = 2147483647;
			files = (
				D14ADE171FAC63AC00951E26 /* LFCameraResultViewController.xib in Resources */,
				D1AC21CE1FA3258A0039A2C2 /* LaunchScreen.storyboard in Resources */,
				D13B09371FF0F6E300D8BFE1 /* LFStarsViewVC.xib in Resources */,
				D1D9773F2004C0160053AE92 /* icon_menu_shoot_normal@2x.png in Resources */,
				D1D9774F2004C05E0053AE92 /* img_menu_frame_bg@2x.png in Resources */,
				D13B093C1FF0FA9200D8BFE1 /* star_gray.png in Resources */,
				D14ADE0E1FAC5D6200951E26 /* LFCameraViewController.xib in Resources */,
				D1AC21CB1FA3258A0039A2C2 /* Assets.xcassets in Resources */,
				D142B0B61FC83B00008C032A /* LFBadgeViewController.xib in Resources */,
				D13B093B1FF0FA9200D8BFE1 /* star_highlight.png in Resources */,
				D1D9773B2004BABC0053AE92 /* LFPopupMenuTestVC.xib in Resources */,
				D1AC21C91FA3258A0039A2C2 /* Main.storyboard in Resources */,
				D1D977462004C0250053AE92 /* icon_menu_live_normal@2x.png in Resources */,
				D1D9774B2004C02E0053AE92 /* icon_menu_album_normal@3x.png in Resources */,
				D1D977432004C01E0053AE92 /* icon_menu_record_normal@3x.png in Resources */,
				D1D977422004C01E0053AE92 /* icon_menu_record_normal@2x.png in Resources */,
				D1D977472004C0250053AE92 /* icon_menu_live_normal@3x.png in Resources */,
				D1D9773E2004C0160053AE92 /* icon_menu_shoot_normal@3x.png in Resources */,
				D1D9774E2004C05E0053AE92 /* img_menu_frame_bg@3x.png in Resources */,
				D1D9774A2004C02E0053AE92 /* icon_menu_album_normal@2x.png in Resources */,
			);
			runOnlyForDeploymentPostprocessing = 0;
		};
		D1AC21D41FA3258A0039A2C2 /* Resources */ = {
			isa = PBXResourcesBuildPhase;
			buildActionMask = 2147483647;
			files = (
			);
			runOnlyForDeploymentPostprocessing = 0;
		};
		D1AC21DF1FA3258A0039A2C2 /* Resources */ = {
			isa = PBXResourcesBuildPhase;
			buildActionMask = 2147483647;
			files = (
			);
			runOnlyForDeploymentPostprocessing = 0;
		};
/* End PBXResourcesBuildPhase section */

/* Begin PBXShellScriptBuildPhase section */
		1E3A39FDF181A0CF42217B01 /* [CP] Check Pods Manifest.lock */ = {
			isa = PBXShellScriptBuildPhase;
			buildActionMask = 2147483647;
			files = (
			);
			inputPaths = (
				"${PODS_PODFILE_DIR_PATH}/Podfile.lock",
				"${PODS_ROOT}/Manifest.lock",
			);
			name = "[CP] Check Pods Manifest.lock";
			outputPaths = (
				"$(DERIVED_FILE_DIR)/Pods-LFKit-checkManifestLockResult.txt",
			);
			runOnlyForDeploymentPostprocessing = 0;
			shellPath = /bin/sh;
			shellScript = "diff \"${PODS_PODFILE_DIR_PATH}/Podfile.lock\" \"${PODS_ROOT}/Manifest.lock\" > /dev/null\nif [ $? != 0 ] ; then\n    # print error to STDERR\n    echo \"error: The sandbox is not in sync with the Podfile.lock. Run 'pod install' or update your CocoaPods installation.\" >&2\n    exit 1\nfi\n# This output is used by Xcode 'outputs' to avoid re-running this script phase.\necho \"SUCCESS\" > \"${SCRIPT_OUTPUT_FILE_0}\"\n";
			showEnvVarsInLog = 0;
		};
		33A7E05F439178DE4EA78BB5 /* [CP] Embed Pods Frameworks */ = {
			isa = PBXShellScriptBuildPhase;
			buildActionMask = 2147483647;
			files = (
			);
			inputPaths = (
			);
			name = "[CP] Embed Pods Frameworks";
			outputPaths = (
			);
			runOnlyForDeploymentPostprocessing = 0;
			shellPath = /bin/sh;
			shellScript = "\"${SRCROOT}/Pods/Target Support Files/Pods-LFKit/Pods-LFKit-frameworks.sh\"\n";
			showEnvVarsInLog = 0;
		};
		4CADBC1D7171A3CBF4DB21F2 /* [CP] Copy Pods Resources */ = {
			isa = PBXShellScriptBuildPhase;
			buildActionMask = 2147483647;
			files = (
			);
			inputPaths = (
			);
			name = "[CP] Copy Pods Resources";
			outputPaths = (
			);
			runOnlyForDeploymentPostprocessing = 0;
			shellPath = /bin/sh;
			shellScript = "\"${SRCROOT}/Pods/Target Support Files/Pods-LFKit/Pods-LFKit-resources.sh\"\n";
			showEnvVarsInLog = 0;
		};
/* End PBXShellScriptBuildPhase section */

/* Begin PBXSourcesBuildPhase section */
		D1AC21BA1FA3258A0039A2C2 /* Sources */ = {
			isa = PBXSourcesBuildPhase;
			buildActionMask = 2147483647;
			files = (
				D18629171FA877CB00780629 /* LFQRCodeScanner.m in Sources */,
				D18629181FA877CB00780629 /* LFQRCodeUtil.m in Sources */,
				D18629191FA877CB00780629 /* LFOptionTableView.m in Sources */,
				D186291A1FA877CB00780629 /* LFErrorView.m in Sources */,
				D18628FD1FA8777900780629 /* NSLayoutConstraint+LFXIB.m in Sources */,
				D18628FE1FA8777900780629 /* NSString+LF.m in Sources */,
				D13B092B1FF0E10700D8BFE1 /* LFAlignCollectionViewFlowLayout.m in Sources */,
				D18628FF1FA8777900780629 /* NSTimer+LF.m in Sources */,
				D18629001FA8777900780629 /* UIBarButtonItem+LF.m in Sources */,
				D18629011FA8777900780629 /* UIButton+LF.m in Sources */,
				D13B09361FF0F6E300D8BFE1 /* LFStarsViewVC.m in Sources */,
				D13B09321FF0E5DA00D8BFE1 /* LFStarsView.m in Sources */,
				D18629021FA8777900780629 /* UIImage+LF.m in Sources */,
				D18629031FA8777900780629 /* UIImageView+LF.m in Sources */,
				D1D9773A2004BABC0053AE92 /* LFPopupMenuTestVC.m in Sources */,
				D18629041FA8777900780629 /* UILabel+LF.m in Sources */,
				D18629051FA8777900780629 /* UITabBarController+HideTabBar.m in Sources */,
				D18629061FA8777900780629 /* UITextField+LF.m in Sources */,
				D18629071FA8777900780629 /* UIView+LF.m in Sources */,
				D14ADE051FAC54D000951E26 /* ComponentListController.m in Sources */,
				D18629081FA8777900780629 /* UIView+LFXIB.m in Sources */,
				D18629091FA8777900780629 /* UIViewController+FullScreenScroll.m in Sources */,
				D14ADE121FAC5F8300951E26 /* BaseViewController.m in Sources */,
				D142B0B71FC83ECD008C032A /* LFBadgeViewController.m in Sources */,
				D186290A1FA8777900780629 /* RotationMenu.m in Sources */,
				D186290B1FA8777900780629 /* LFBubbleView.m in Sources */,
				D14ADE0D1FAC5D6200951E26 /* LFCameraViewController.m in Sources */,
				D186290C1FA8777900780629 /* LFCamera.m in Sources */,
				D186290D1FA8777900780629 /* LFCycleScrollView.m in Sources */,
				D186290E1FA8777900780629 /* LFImagePicker.m in Sources */,
				D142B0B11FC83857008C032A /* LFBadge.m in Sources */,
				D14ADE161FAC63AC00951E26 /* LFCameraResultViewController.m in Sources */,
				D1AE0D201FB45E79004605E7 /* LFPopupMenu.m in Sources */,
				D186290F1FA8777900780629 /* LFLocalMusicPicker.m in Sources */,
				D18629121FA8777900780629 /* LFPickerView.m in Sources */,
				D1AC22251FA3290C0039A2C2 /* LFDeviceInfo.m in Sources */,
				D1AC22201FA3290C0039A2C2 /* LFJsonUtil.m in Sources */,
				D1AC22631FA348750039A2C2 /* UIColor+LF.m in Sources */,
				D1AC21D11FA3258A0039A2C2 /* main.m in Sources */,
				D1AC22211FA3290C0039A2C2 /* SFHFKeychainUtils.m in Sources */,
				D13B092E1FF0E1BF00D8BFE1 /* LFAnnulusProgress.m in Sources */,
				D1AC21C31FA3258A0039A2C2 /* AppDelegate.m in Sources */,
				D1AC22241FA3290C0039A2C2 /* LFTimeUtil.m in Sources */,
				D14ADDFE1FAAC6DC00951E26 /* LFEncryptDecryptUtil.m in Sources */,
				D1AC22291FA32F010039A2C2 /* NSDate+LF.m in Sources */,
				D1AC22221FA3290C0039A2C2 /* LFFileUtil.m in Sources */,
			);
			runOnlyForDeploymentPostprocessing = 0;
		};
		D1AC21D21FA3258A0039A2C2 /* Sources */ = {
			isa = PBXSourcesBuildPhase;
			buildActionMask = 2147483647;
			files = (
				D1AC21DB1FA3258A0039A2C2 /* LFKitTests.m in Sources */,
			);
			runOnlyForDeploymentPostprocessing = 0;
		};
		D1AC21DD1FA3258A0039A2C2 /* Sources */ = {
			isa = PBXSourcesBuildPhase;
			buildActionMask = 2147483647;
			files = (
				D1AC21E61FA3258A0039A2C2 /* LFKitUITests.m in Sources */,
			);
			runOnlyForDeploymentPostprocessing = 0;
		};
/* End PBXSourcesBuildPhase section */

/* Begin PBXTargetDependency section */
		D1AC21D81FA3258A0039A2C2 /* PBXTargetDependency */ = {
			isa = PBXTargetDependency;
			target = D1AC21BD1FA3258A0039A2C2 /* LFKit */;
			targetProxy = D1AC21D71FA3258A0039A2C2 /* PBXContainerItemProxy */;
		};
		D1AC21E31FA3258A0039A2C2 /* PBXTargetDependency */ = {
			isa = PBXTargetDependency;
			target = D1AC21BD1FA3258A0039A2C2 /* LFKit */;
			targetProxy = D1AC21E21FA3258A0039A2C2 /* PBXContainerItemProxy */;
		};
/* End PBXTargetDependency section */

/* Begin PBXVariantGroup section */
		D1AC21C71FA3258A0039A2C2 /* Main.storyboard */ = {
			isa = PBXVariantGroup;
			children = (
				D1AC21C81FA3258A0039A2C2 /* Base */,
			);
			name = Main.storyboard;
			sourceTree = "<group>";
		};
		D1AC21CC1FA3258A0039A2C2 /* LaunchScreen.storyboard */ = {
			isa = PBXVariantGroup;
			children = (
				D1AC21CD1FA3258A0039A2C2 /* Base */,
			);
			name = LaunchScreen.storyboard;
			sourceTree = "<group>";
		};
/* End PBXVariantGroup section */

/* Begin XCBuildConfiguration section */
		D1AC21E81FA3258A0039A2C2 /* Debug */ = {
			isa = XCBuildConfiguration;
			buildSettings = {
				ALWAYS_SEARCH_USER_PATHS = NO;
				CLANG_ANALYZER_NONNULL = YES;
				CLANG_ANALYZER_NUMBER_OBJECT_CONVERSION = YES_AGGRESSIVE;
				CLANG_CXX_LANGUAGE_STANDARD = "gnu++14";
				CLANG_CXX_LIBRARY = "libc++";
				CLANG_ENABLE_MODULES = YES;
				CLANG_ENABLE_OBJC_ARC = YES;
				CLANG_WARN_BLOCK_CAPTURE_AUTORELEASING = YES;
				CLANG_WARN_BOOL_CONVERSION = YES;
				CLANG_WARN_COMMA = YES;
				CLANG_WARN_CONSTANT_CONVERSION = YES;
				CLANG_WARN_DIRECT_OBJC_ISA_USAGE = YES_ERROR;
				CLANG_WARN_DOCUMENTATION_COMMENTS = YES;
				CLANG_WARN_EMPTY_BODY = YES;
				CLANG_WARN_ENUM_CONVERSION = YES;
				CLANG_WARN_INFINITE_RECURSION = YES;
				CLANG_WARN_INT_CONVERSION = YES;
				CLANG_WARN_NON_LITERAL_NULL_CONVERSION = YES;
				CLANG_WARN_OBJC_LITERAL_CONVERSION = YES;
				CLANG_WARN_OBJC_ROOT_CLASS = YES_ERROR;
				CLANG_WARN_RANGE_LOOP_ANALYSIS = YES;
				CLANG_WARN_STRICT_PROTOTYPES = YES;
				CLANG_WARN_SUSPICIOUS_MOVE = YES;
				CLANG_WARN_UNGUARDED_AVAILABILITY = YES_AGGRESSIVE;
				CLANG_WARN_UNREACHABLE_CODE = YES;
				CLANG_WARN__DUPLICATE_METHOD_MATCH = YES;
				CODE_SIGN_IDENTITY = "iPhone Developer";
				COPY_PHASE_STRIP = NO;
				DEBUG_INFORMATION_FORMAT = dwarf;
				ENABLE_STRICT_OBJC_MSGSEND = YES;
				ENABLE_TESTABILITY = YES;
				GCC_C_LANGUAGE_STANDARD = gnu11;
				GCC_DYNAMIC_NO_PIC = NO;
				GCC_NO_COMMON_BLOCKS = YES;
				GCC_OPTIMIZATION_LEVEL = 0;
				GCC_PREPROCESSOR_DEFINITIONS = (
					"DEBUG=1",
					"$(inherited)",
				);
				GCC_WARN_64_TO_32_BIT_CONVERSION = YES;
				GCC_WARN_ABOUT_RETURN_TYPE = YES_ERROR;
				GCC_WARN_UNDECLARED_SELECTOR = YES;
				GCC_WARN_UNINITIALIZED_AUTOS = YES_AGGRESSIVE;
				GCC_WARN_UNUSED_FUNCTION = YES;
				GCC_WARN_UNUSED_VARIABLE = YES;
				IPHONEOS_DEPLOYMENT_TARGET = 11.0;
				MTL_ENABLE_DEBUG_INFO = YES;
				ONLY_ACTIVE_ARCH = YES;
				SDKROOT = iphoneos;
			};
			name = Debug;
		};
		D1AC21E91FA3258A0039A2C2 /* Release */ = {
			isa = XCBuildConfiguration;
			buildSettings = {
				ALWAYS_SEARCH_USER_PATHS = NO;
				CLANG_ANALYZER_NONNULL = YES;
				CLANG_ANALYZER_NUMBER_OBJECT_CONVERSION = YES_AGGRESSIVE;
				CLANG_CXX_LANGUAGE_STANDARD = "gnu++14";
				CLANG_CXX_LIBRARY = "libc++";
				CLANG_ENABLE_MODULES = YES;
				CLANG_ENABLE_OBJC_ARC = YES;
				CLANG_WARN_BLOCK_CAPTURE_AUTORELEASING = YES;
				CLANG_WARN_BOOL_CONVERSION = YES;
				CLANG_WARN_COMMA = YES;
				CLANG_WARN_CONSTANT_CONVERSION = YES;
				CLANG_WARN_DIRECT_OBJC_ISA_USAGE = YES_ERROR;
				CLANG_WARN_DOCUMENTATION_COMMENTS = YES;
				CLANG_WARN_EMPTY_BODY = YES;
				CLANG_WARN_ENUM_CONVERSION = YES;
				CLANG_WARN_INFINITE_RECURSION = YES;
				CLANG_WARN_INT_CONVERSION = YES;
				CLANG_WARN_NON_LITERAL_NULL_CONVERSION = YES;
				CLANG_WARN_OBJC_LITERAL_CONVERSION = YES;
				CLANG_WARN_OBJC_ROOT_CLASS = YES_ERROR;
				CLANG_WARN_RANGE_LOOP_ANALYSIS = YES;
				CLANG_WARN_STRICT_PROTOTYPES = YES;
				CLANG_WARN_SUSPICIOUS_MOVE = YES;
				CLANG_WARN_UNGUARDED_AVAILABILITY = YES_AGGRESSIVE;
				CLANG_WARN_UNREACHABLE_CODE = YES;
				CLANG_WARN__DUPLICATE_METHOD_MATCH = YES;
				CODE_SIGN_IDENTITY = "iPhone Developer";
				COPY_PHASE_STRIP = NO;
				DEBUG_INFORMATION_FORMAT = "dwarf-with-dsym";
				ENABLE_NS_ASSERTIONS = NO;
				ENABLE_STRICT_OBJC_MSGSEND = YES;
				GCC_C_LANGUAGE_STANDARD = gnu11;
				GCC_NO_COMMON_BLOCKS = YES;
				GCC_WARN_64_TO_32_BIT_CONVERSION = YES;
				GCC_WARN_ABOUT_RETURN_TYPE = YES_ERROR;
				GCC_WARN_UNDECLARED_SELECTOR = YES;
				GCC_WARN_UNINITIALIZED_AUTOS = YES_AGGRESSIVE;
				GCC_WARN_UNUSED_FUNCTION = YES;
				GCC_WARN_UNUSED_VARIABLE = YES;
				IPHONEOS_DEPLOYMENT_TARGET = 11.0;
				MTL_ENABLE_DEBUG_INFO = NO;
				SDKROOT = iphoneos;
				VALIDATE_PRODUCT = YES;
			};
			name = Release;
		};
		D1AC21EB1FA3258A0039A2C2 /* Debug */ = {
			isa = XCBuildConfiguration;
			baseConfigurationReference = 1D919615463A4F0C9EC8B749 /* Pods-LFKit.debug.xcconfig */;
			buildSettings = {
				ASSETCATALOG_COMPILER_APPICON_NAME = AppIcon;
				CODE_SIGN_STYLE = Automatic;
				DEVELOPMENT_TEAM = D975HMHLA6;
				INFOPLIST_FILE = LFKit/Info.plist;
				IPHONEOS_DEPLOYMENT_TARGET = 8.0;
				LD_RUNPATH_SEARCH_PATHS = "$(inherited) @executable_path/Frameworks";
				PRODUCT_BUNDLE_IDENTIFIER = com.zlf.LFKit;
				PRODUCT_NAME = "$(TARGET_NAME)";
				TARGETED_DEVICE_FAMILY = "1,2";
			};
			name = Debug;
		};
		D1AC21EC1FA3258A0039A2C2 /* Release */ = {
			isa = XCBuildConfiguration;
			baseConfigurationReference = 5B2E01735C8A234634021AF1 /* Pods-LFKit.release.xcconfig */;
			buildSettings = {
				ASSETCATALOG_COMPILER_APPICON_NAME = AppIcon;
				CODE_SIGN_STYLE = Automatic;
				DEVELOPMENT_TEAM = D975HMHLA6;
				INFOPLIST_FILE = LFKit/Info.plist;
				IPHONEOS_DEPLOYMENT_TARGET = 8.0;
				LD_RUNPATH_SEARCH_PATHS = "$(inherited) @executable_path/Frameworks";
				PRODUCT_BUNDLE_IDENTIFIER = com.zlf.LFKit;
				PRODUCT_NAME = "$(TARGET_NAME)";
				TARGETED_DEVICE_FAMILY = "1,2";
			};
			name = Release;
		};
		D1AC21EE1FA3258A0039A2C2 /* Debug */ = {
			isa = XCBuildConfiguration;
			buildSettings = {
				BUNDLE_LOADER = "$(TEST_HOST)";
				CODE_SIGN_STYLE = Automatic;
				INFOPLIST_FILE = LFKitTests/Info.plist;
				LD_RUNPATH_SEARCH_PATHS = "$(inherited) @executable_path/Frameworks @loader_path/Frameworks";
				PRODUCT_BUNDLE_IDENTIFIER = com.zlf.LFKitTests;
				PRODUCT_NAME = "$(TARGET_NAME)";
				TARGETED_DEVICE_FAMILY = "1,2";
				TEST_HOST = "$(BUILT_PRODUCTS_DIR)/LFKit.app/LFKit";
			};
			name = Debug;
		};
		D1AC21EF1FA3258A0039A2C2 /* Release */ = {
			isa = XCBuildConfiguration;
			buildSettings = {
				BUNDLE_LOADER = "$(TEST_HOST)";
				CODE_SIGN_STYLE = Automatic;
				INFOPLIST_FILE = LFKitTests/Info.plist;
				LD_RUNPATH_SEARCH_PATHS = "$(inherited) @executable_path/Frameworks @loader_path/Frameworks";
				PRODUCT_BUNDLE_IDENTIFIER = com.zlf.LFKitTests;
				PRODUCT_NAME = "$(TARGET_NAME)";
				TARGETED_DEVICE_FAMILY = "1,2";
				TEST_HOST = "$(BUILT_PRODUCTS_DIR)/LFKit.app/LFKit";
			};
			name = Release;
		};
		D1AC21F11FA3258A0039A2C2 /* Debug */ = {
			isa = XCBuildConfiguration;
			buildSettings = {
				CODE_SIGN_STYLE = Automatic;
				INFOPLIST_FILE = LFKitUITests/Info.plist;
				LD_RUNPATH_SEARCH_PATHS = "$(inherited) @executable_path/Frameworks @loader_path/Frameworks";
				PRODUCT_BUNDLE_IDENTIFIER = com.zlf.LFKitUITests;
				PRODUCT_NAME = "$(TARGET_NAME)";
				TARGETED_DEVICE_FAMILY = "1,2";
				TEST_TARGET_NAME = LFKit;
			};
			name = Debug;
		};
		D1AC21F21FA3258A0039A2C2 /* Release */ = {
			isa = XCBuildConfiguration;
			buildSettings = {
				CODE_SIGN_STYLE = Automatic;
				INFOPLIST_FILE = LFKitUITests/Info.plist;
				LD_RUNPATH_SEARCH_PATHS = "$(inherited) @executable_path/Frameworks @loader_path/Frameworks";
				PRODUCT_BUNDLE_IDENTIFIER = com.zlf.LFKitUITests;
				PRODUCT_NAME = "$(TARGET_NAME)";
				TARGETED_DEVICE_FAMILY = "1,2";
				TEST_TARGET_NAME = LFKit;
			};
			name = Release;
		};
/* End XCBuildConfiguration section */

/* Begin XCConfigurationList section */
		D1AC21B91FA3258A0039A2C2 /* Build configuration list for PBXProject "LFKit" */ = {
			isa = XCConfigurationList;
			buildConfigurations = (
				D1AC21E81FA3258A0039A2C2 /* Debug */,
				D1AC21E91FA3258A0039A2C2 /* Release */,
			);
			defaultConfigurationIsVisible = 0;
			defaultConfigurationName = Release;
		};
		D1AC21EA1FA3258A0039A2C2 /* Build configuration list for PBXNativeTarget "LFKit" */ = {
			isa = XCConfigurationList;
			buildConfigurations = (
				D1AC21EB1FA3258A0039A2C2 /* Debug */,
				D1AC21EC1FA3258A0039A2C2 /* Release */,
			);
			defaultConfigurationIsVisible = 0;
			defaultConfigurationName = Release;
		};
		D1AC21ED1FA3258A0039A2C2 /* Build configuration list for PBXNativeTarget "LFKitTests" */ = {
			isa = XCConfigurationList;
			buildConfigurations = (
				D1AC21EE1FA3258A0039A2C2 /* Debug */,
				D1AC21EF1FA3258A0039A2C2 /* Release */,
			);
			defaultConfigurationIsVisible = 0;
			defaultConfigurationName = Release;
		};
		D1AC21F01FA3258A0039A2C2 /* Build configuration list for PBXNativeTarget "LFKitUITests" */ = {
			isa = XCConfigurationList;
			buildConfigurations = (
				D1AC21F11FA3258A0039A2C2 /* Debug */,
				D1AC21F21FA3258A0039A2C2 /* Release */,
			);
			defaultConfigurationIsVisible = 0;
			defaultConfigurationName = Release;
		};
/* End XCConfigurationList section */
	};
	rootObject = D1AC21B61FA3258A0039A2C2 /* Project object */;
}
